
Microsoft Visual Studio Solution File, Format Version 12.00
# Visual Studio Version 17
VisualStudioVersion = 17.6.33815.320
MinimumVisualStudioVersion = 10.0.40219.1
Project("{9A19103F-16F7-4668-BE54-9A1E7A4F7556}") = "ModifiableValues", "src\ModifiableValues.csproj", "{2C6C314F-BA1D-4E7C-8932-D697F2219ABC}"
EndProject
Project("{9A19103F-16F7-4668-BE54-9A1E7A4F7556}") = "ModifiableValues.Test", "test\ModifiableValues.Test.csproj", "{180AAFE7-3D86-468A-B1F9-1682524BC7CD}"
EndProject
Project("{9A19103F-16F7-4668-BE54-9A1E7A4F7556}") = "ModifiableValues.Becnhmark", "benchmark\ModifiableValues.Becnhmark.csproj", "{7BEAFBF0-29DA-45CE-AC93-7B15F69079ED}"
EndProject
Global
	GlobalSection(SolutionConfigurationPlatforms) = preSolution
		Debug|Any CPU = Debug|Any CPU
		Release|Any CPU = Release|Any CPU
	EndGlobalSection
	GlobalSection(ProjectConfigurationPlatforms) = postSolution
		{2C6C314F-BA1D-4E7C-8932-D697F2219ABC}.Debug|Any CPU.ActiveCfg = Debug|Any CPU
		{2C6C314F-BA1D-4E7C-8932-D697F2219ABC}.Debug|Any CPU.Build.0 = Debug|Any CPU
		{2C6C314F-BA1D-4E7C-8932-D697F2219ABC}.Release|Any CPU.ActiveCfg = Release|Any CPU
		{2C6C314F-BA1D-4E7C-8932-D697F2219ABC}.Release|Any CPU.Build.0 = Release|Any CPU
		{180AAFE7-3D86-468A-B1F9-1682524BC7CD}.Debug|Any CPU.ActiveCfg = Debug|Any CPU
		{180AAFE7-3D86-468A-B1F9-1682524BC7CD}.Debug|Any CPU.Build.0 = Debug|Any CPU
		{180AAFE7-3D86-468A-B1F9-1682524BC7CD}.Release|Any CPU.ActiveCfg = Release|Any CPU
		{180AAFE7-3D86-468A-B1F9-1682524BC7CD}.Release|Any CPU.Build.0 = Release|Any CPU
		{7BEAFBF0-29DA-45CE-AC93-7B15F69079ED}.Debug|Any CPU.ActiveCfg = Debug|Any CPU
		{7BEAFBF0-29DA-45CE-AC93-7B15F69079ED}.Debug|Any CPU.Build.0 = Debug|Any CPU
		{7BEAFBF0-29DA-45CE-AC93-7B15F69079ED}.Release|Any CPU.ActiveCfg = Release|Any CPU
		{7BEAFBF0-29DA-45CE-AC93-7B15F69079ED}.Release|Any CPU.Build.0 = Release|Any CPU
	EndGlobalSection
	GlobalSection(SolutionProperties) = preSolution
		HideSolutionNode = FALSE
	EndGlobalSection
EndGlobal
